# THIS IS AN AUTOGENERATED FILE. DO NOT EDIT THIS FILE DIRECTLY.
# yarn lockfile v1


"@babel/runtime@^7.0.0":
  version "7.2.0"
  resolved "https://registry.yarnpkg.com/@babel/runtime/-/runtime-7.2.0.tgz#b03e42eeddf5898e00646e4c840fa07ba8dcad7f"
  integrity sha512-oouEibCbHMVdZSDlJBO6bZmID/zA/G/Qx3H1d3rSNPTD+L8UNKvCat7aKWSJ74zYbm5zWGh0GQN0hKj8zYFTCg==
  dependencies:
    regenerator-runtime "^0.12.0"

"@types/lodash@^4.14.118":
  version "4.14.118"
  resolved "https://registry.yarnpkg.com/@types/lodash/-/lodash-4.14.118.tgz#247bab39bfcc6d910d4927c6e06cbc70ec376f27"
  integrity sha512-iiJbKLZbhSa6FYRip/9ZDX6HXhayXLDGY2Fqws9cOkEQ6XeKfaxB0sC541mowZJueYyMnVUmmG+al5/4fCDrgw==

"@types/node@*":
  version "10.12.12"
  resolved "https://registry.yarnpkg.com/@types/node/-/node-10.12.12.tgz#e15a9d034d9210f00320ef718a50c4a799417c47"
  integrity sha512-Pr+6JRiKkfsFvmU/LK68oBRCQeEg36TyAbPhc2xpez24OOZZCuoIhWGTd39VZy6nGafSbxzGouFPTFD/rR1A0A==

"@types/node@10.12.10":
  version "10.12.10"
  resolved "https://registry.yarnpkg.com/@types/node/-/node-10.12.10.tgz#4fa76e6598b7de3f0cb6ec3abacc4f59e5b3a2ce"
  integrity sha512-8xZEYckCbUVgK8Eg7lf5Iy4COKJ5uXlnIOnePN0WUwSQggy9tolM+tDJf7wMOnT/JT/W9xDYIaYggt3mRV2O5w==

"@types/prop-types@*":
  version "15.5.6"
  resolved "https://registry.yarnpkg.com/@types/prop-types/-/prop-types-15.5.6.tgz#9c03d3fed70a8d517c191b7734da2879b50ca26c"
  integrity sha512-ZBFR7TROLVzCkswA3Fmqq+IIJt62/T7aY/Dmz+QkU7CaW2QFqAitCE8Ups7IzmGhcN1YWMBT4Qcoc07jU9hOJQ==

"@types/react-dom@^16.0.0":
  version "16.0.11"
  resolved "https://registry.yarnpkg.com/@types/react-dom/-/react-dom-16.0.11.tgz#bd10ccb0d9260343f4b9a49d4f7a8330a5c1f081"
  integrity sha512-x6zUx9/42B5Kl2Vl9HlopV8JF64wLpX3c+Pst9kc1HgzrsH+mkehe/zmHMQTplIrR48H2gpU7ZqurQolYu8XBA==
  dependencies:
    "@types/react" "*"

"@types/react-modal@^3.2.1":
  version "3.6.0"
  resolved "https://registry.yarnpkg.com/@types/react-modal/-/react-modal-3.6.0.tgz#57e7c74f2b39b1a90116bdb30aeaac89e5e1866a"
  integrity sha512-GBj80Nff06tNJhg1t+PGIINUVC5566La7GYIFuUJSZTI9EmEg88oillz7m5BEVp/DUqvMP0PIG5jeDemJuFA0w==
  dependencies:
    "@types/react" "*"

"@types/react@*", "@types/react@^16.0.0":
  version "16.7.13"
  resolved "https://registry.yarnpkg.com/@types/react/-/react-16.7.13.tgz#d2369ae78377356d42fb54275d30218e84f2247a"
  integrity sha512-WhqrQLAE9z65hfcvWqZfR6qUtIazFRyb8LXqHo8440R53dAQqNkt2OlVJ3FXwqOwAXXg4nfYxt0qgBvE18o5XA==
  dependencies:
    "@types/prop-types" "*"
    csstype "^2.2.0"

"@types/styled-components@^4.1.1":
  version "4.1.3"
  resolved "https://registry.yarnpkg.com/@types/styled-components/-/styled-components-4.1.3.tgz#8d33a8e782e795c1da411b71a0e911a82968dd95"
  integrity sha512-KufaiYcIbfm9z5ikqCJuhjXPCfTdv1GXLe4Ad1Qb12LjeE8FWocuwqMnIgYMMkflsqVAIv7xckcK5eU1l2qHdA==
  dependencies:
    "@types/node" "*"
    "@types/react" "*"
    csstype "^2.2.0"

csstype@^2.2.0:
  version "2.5.8"
  resolved "https://registry.yarnpkg.com/csstype/-/csstype-2.5.8.tgz#4ce5aa16ea0d562ef9105fa3ae2676f199586a35"
  integrity sha512-r4DbsyNJ7slwBSKoGesxDubRWJ71ghG8W2+1HcsDlAo12KGca9dDLv0u98tfdFw7ldBdoA7XmCnI6Q8LpAJXaQ==

exenv@^1.2.0:
  version "1.2.2"
  resolved "https://registry.yarnpkg.com/exenv/-/exenv-1.2.2.tgz#2ae78e85d9894158670b03d47bec1f03bd91bb9d"
  integrity sha1-KueOhdmJQVhnCwPUe+wfA72Ru50=

"js-tokens@^3.0.0 || ^4.0.0":
  version "4.0.0"
  resolved "https://registry.yarnpkg.com/js-tokens/-/js-tokens-4.0.0.tgz#19203fb59991df98e3a287050d4647cdeaf32499"
  integrity sha512-RdJUflcE3cUzKiMqQgsCu06FPu9UdIJO0beYbPhHN4k6apgJtifcoCtT9bcxOpYBtpD2kCM6Sbzg4CausW/PKQ==

lodash.debounce@^4.0.8:
  version "4.0.8"
  resolved "https://registry.yarnpkg.com/lodash.debounce/-/lodash.debounce-4.0.8.tgz#82d79bff30a67c4005ffd5e2515300ad9ca4d7af"
  integrity sha1-gteb/zCmfEAF/9XiUVMArZyk168=

loose-envify@^1.0.0, loose-envify@^1.3.1:
  version "1.4.0"
  resolved "https://registry.yarnpkg.com/loose-envify/-/loose-envify-1.4.0.tgz#71ee51fa7be4caec1a63839f7e682d8132d30caf"
  integrity sha512-lyuxPGr/Wfhrlem2CL/UcnUc1zcqKAImBDzukY7Y5F/yQiNdko6+fRLevlw1HgMySw7f611UIY408EtxRSoK3Q==
  dependencies:
    js-tokens "^3.0.0 || ^4.0.0"

object-assign@^4.1.1:
  version "4.1.1"
  resolved "https://registry.yarnpkg.com/object-assign/-/object-assign-4.1.1.tgz#2109adc7965887cfc05cbbd442cac8bfbb360863"
  integrity sha1-IQmtx5ZYh8/AXLvUQsrIv7s2CGM=

polished@^2.3.1:
  version "2.3.1"
  resolved "https://registry.yarnpkg.com/polished/-/polished-2.3.1.tgz#557ea07e5bcb1b9c7d71935a01d0315831234d48"
  integrity sha512-0mGyvVrHVRN92wfohriBWmMF4JLEnGgpZbpwPrNDhpB8NrX6lYI8GGWXEfrmrF+ZXg52Jkwd+D0rxViOvXM9RQ==
  dependencies:
    "@babel/runtime" "^7.0.0"

prettier@^1.15.3:
  version "1.15.3"
  resolved "https://registry.yarnpkg.com/prettier/-/prettier-1.15.3.tgz#1feaac5bdd181237b54dbe65d874e02a1472786a"
  integrity sha512-gAU9AGAPMaKb3NNSUUuhhFAS7SCO4ALTN4nRIn6PJ075Qd28Yn2Ig2ahEJWdJwJmlEBTUfC7mMUSFy8MwsOCfg==

prop-types@^15.5.10, prop-types@^15.6.0:
  version "15.6.2"
  resolved "https://registry.yarnpkg.com/prop-types/-/prop-types-15.6.2.tgz#05d5ca77b4453e985d60fc7ff8c859094a497102"
  integrity sha512-3pboPvLiWD7dkI3qf3KbUe6hKFKa52w+AE0VCqECtf+QHAKgOL37tTaNCnuX1nAAQ4ZhyP+kYVKf8rLmJ/feDQ==
  dependencies:
    loose-envify "^1.3.1"
    object-assign "^4.1.1"

react-bottom-scroll-listener@^1.3.0:
  version "1.3.0"
  resolved "https://registry.yarnpkg.com/react-bottom-scroll-listener/-/react-bottom-scroll-listener-1.3.0.tgz#ce5874971cddb214d78d59104f482be9a6efa1df"
  integrity sha512-tL6dnomDiPckJixyiJ2PZMgtkRUqcSHixtuSfYiC2w46wtPMNqHEIe+yCj8kem43+tHW1s+dmmblyfGtfrjVQw==
  dependencies:
    lodash.debounce "^4.0.8"
    prop-types "^15.6.0"

react-lifecycles-compat@^3.0.0:
  version "3.0.4"
  resolved "https://registry.yarnpkg.com/react-lifecycles-compat/-/react-lifecycles-compat-3.0.4.tgz#4f1a273afdfc8f3488a8c516bfda78f872352362"
  integrity sha512-fBASbA6LnOU9dOU2eW7aQ8xmYBSXUIWr+UmF9b1efZBazGNO+rcXT/icdKnYm2pTwcRylVUYwW7H1PHfLekVzA==

react-modal@^3.6.1:
  version "3.6.1"
  resolved "https://registry.yarnpkg.com/react-modal/-/react-modal-3.6.1.tgz#54d27a1ec2b493bbc451c7efaa3557b6af82332d"
  integrity sha512-vAhnawahH1fz8A5x/X/1X20KHMe6Q0mkfU5BKPgKSVPYhMhsxtRbNHSitsoJ7/oP27xZo3naZZlwYuuzuSO1xw==
  dependencies:
    exenv "^1.2.0"
    prop-types "^15.5.10"
    react-lifecycles-compat "^3.0.0"
    warning "^3.0.0"

regenerator-runtime@^0.12.0:
  version "0.12.1"
  resolved "https://registry.yarnpkg.com/regenerator-runtime/-/regenerator-runtime-0.12.1.tgz#fa1a71544764c036f8c49b13a08b2594c9f8a0de"
  integrity sha512-odxIc1/vDlo4iZcfXqRYFj0vpXFNoGdKMAUieAlFYO6m/nl5e9KR/beGf41z4a1FI+aQgtjhuaSlDxQ0hmkrHg==

styled-media-query@^2.0.2:
  version "2.0.2"
  resolved "https://registry.yarnpkg.com/styled-media-query/-/styled-media-query-2.0.2.tgz#65347d5367f69458f86dc7dd723f42faae304ad1"
  integrity sha512-fRLVVa9cXvNiDYw/EqhIR7keXOQSdnUVGnWBd5xnvFUKwCAVOLTqjQBblZnE/HverH+hNeNQY2APf96mrjYqGA==

"tristicons@https://github.com/mango-chutney/tristicons/archive/7439a425b85f18f30b9cc447bbb91b7ddb23bc60.tar.gz":
  version "1.0.0"
  resolved "https://github.com/mango-chutney/tristicons/archive/7439a425b85f18f30b9cc447bbb91b7ddb23bc60.tar.gz#f98e8b44504849b40a4752052e5caa1f3d2d0a20"

typescript@3.1.6:
  version "3.1.6"
  resolved "https://registry.yarnpkg.com/typescript/-/typescript-3.1.6.tgz#b6543a83cfc8c2befb3f4c8fba6896f5b0c9be68"
  integrity sha512-tDMYfVtvpb96msS1lDX9MEdHrW4yOuZ4Kdc4Him9oU796XldPYF/t2+uKoX0BBa0hXXwDlqYQbXY5Rzjzc5hBA==

warning@^3.0.0:
  version "3.0.0"
  resolved "https://registry.yarnpkg.com/warning/-/warning-3.0.0.tgz#32e5377cb572de4ab04753bdf8821c01ed605b7c"
  integrity sha1-MuU3fLVy3kqwR1O9+IIcAe1gW3w=
  dependencies:
    loose-envify "^1.0.0"
